
Microsoft Visual Studio Solution File, Format Version 12.00
# Visual Studio Version 16
VisualStudioVersion = 16.0.29709.97
MinimumVisualStudioVersion = 10.0.40219.1
Project("{FAE04EC0-301F-11D3-BF4B-00C04F79EFBC}") = "PlatformaVarianteBac", "PlatformaVarianteBac\PlatformaVarianteBac.csproj", "{C145C4E6-731C-4C7F-B325-13F8BFF24215}"
EndProject
Global
	GlobalSection(SolutionConfigurationPlatforms) = preSolution
		Debug|Any CPU = Debug|Any CPU
		Release|Any CPU = Release|Any CPU
	EndGlobalSection
	GlobalSection(ProjectConfigurationPlatforms) = postSolution
		{C145C4E6-731C-4C7F-B325-13F8BFF24215}.Debug|Any CPU.ActiveCfg = Debug|Any CPU
		{C145C4E6-731C-4C7F-B325-13F8BFF24215}.Debug|Any CPU.Build.0 = Debug|Any CPU
		{C145C4E6-731C-4C7F-B325-13F8BFF24215}.Release|Any CPU.ActiveCfg = Release|Any CPU
		{C145C4E6-731C-4C7F-B325-13F8BFF24215}.Release|Any CPU.Build.0 = Release|Any CPU
	EndGlobalSection
	GlobalSection(SolutionProperties) = preSolution
		HideSolutionNode = FALSE
	EndGlobalSection
	GlobalSection(ExtensibilityGlobals) = postSolution
		SolutionGuid = {30802A17-7F4B-46B8-81E8-343EDF396C7E}
	EndGlobalSection
EndGlobal
